
Microsoft Visual Studio Solution File, Format Version 12.00
# Visual Studio Version 17
VisualStudioVersion = 17.5.33516.290
MinimumVisualStudioVersion = 10.0.40219.1
Project("{FAE04EC0-301F-11D3-BF4B-00C04F79EFBC}") = "ConsoleMediatR", "ConsoleMediatR.csproj", "{423152FF-CC04-4890-8625-EB915C3094F6}"
EndProject
Global
	GlobalSection(SolutionConfigurationPlatforms) = preSolution
		Debug|Any CPU = Debug|Any CPU
		Release|Any CPU = Release|Any CPU
	EndGlobalSection
	GlobalSection(ProjectConfigurationPlatforms) = postSolution
		{423152FF-CC04-4890-8625-EB915C3094F6}.Debug|Any CPU.ActiveCfg = Debug|Any CPU
		{423152FF-CC04-4890-8625-EB915C3094F6}.Debug|Any CPU.Build.0 = Debug|Any CPU
		{423152FF-CC04-4890-8625-EB915C3094F6}.Release|Any CPU.ActiveCfg = Release|Any CPU
		{423152FF-CC04-4890-8625-EB915C3094F6}.Release|Any CPU.Build.0 = Release|Any CPU
	EndGlobalSection
	GlobalSection(SolutionProperties) = preSolution
		HideSolutionNode = FALSE
	EndGlobalSection
	GlobalSection(ExtensibilityGlobals) = postSolution
		SolutionGuid = {35FA8F90-2FC5-4E48-88AA-39D8593D4D40}
	EndGlobalSection
EndGlobal
